
Microsoft Visual Studio Solution File, Format Version 12.00
# Visual Studio Version 17
VisualStudioVersion = 17.0.31903.59
MinimumVisualStudioVersion = 10.0.40219.1
Project("{FAE04EC0-301F-11D3-BF4B-00C04F79EFBC}") = "curso-linq", "curso-linq.csproj", "{F4C10B52-F2BF-459E-A913-3C1494FD5261}"
EndProject
Project("{2150E333-8FDC-42A3-9474-1A3956D46DE8}") = "tests", "tests", "{9FA2AD36-9F02-4617-9632-1D1CC37F75AD}"
EndProject
Project("{FAE04EC0-301F-11D3-BF4B-00C04F79EFBC}") = "CursoLinq.Tests", "tests\CursoLinq.Tests\CursoLinq.Tests.csproj", "{A923DCE1-0925-4FD1-A020-B150CD18A68A}"
EndProject
Global
	GlobalSection(SolutionConfigurationPlatforms) = preSolution
		Debug|Any CPU = Debug|Any CPU
		Release|Any CPU = Release|Any CPU
	EndGlobalSection
	GlobalSection(SolutionProperties) = preSolution
		HideSolutionNode = FALSE
	EndGlobalSection
	GlobalSection(ProjectConfigurationPlatforms) = postSolution
		{F4C10B52-F2BF-459E-A913-3C1494FD5261}.Debug|Any CPU.ActiveCfg = Debug|Any CPU
		{F4C10B52-F2BF-459E-A913-3C1494FD5261}.Debug|Any CPU.Build.0 = Debug|Any CPU
		{F4C10B52-F2BF-459E-A913-3C1494FD5261}.Release|Any CPU.ActiveCfg = Release|Any CPU
		{F4C10B52-F2BF-459E-A913-3C1494FD5261}.Release|Any CPU.Build.0 = Release|Any CPU
		{A923DCE1-0925-4FD1-A020-B150CD18A68A}.Debug|Any CPU.ActiveCfg = Debug|Any CPU
		{A923DCE1-0925-4FD1-A020-B150CD18A68A}.Debug|Any CPU.Build.0 = Debug|Any CPU
		{A923DCE1-0925-4FD1-A020-B150CD18A68A}.Release|Any CPU.ActiveCfg = Release|Any CPU
		{A923DCE1-0925-4FD1-A020-B150CD18A68A}.Release|Any CPU.Build.0 = Release|Any CPU
	EndGlobalSection
	GlobalSection(NestedProjects) = preSolution
		{A923DCE1-0925-4FD1-A020-B150CD18A68A} = {9FA2AD36-9F02-4617-9632-1D1CC37F75AD}
	EndGlobalSection
EndGlobal
